
Microsoft Visual Studio Solution File, Format Version 12.00
# Visual Studio Version 17
VisualStudioVersion = 17.6.33723.286
MinimumVisualStudioVersion = 10.0.40219.1
Project("{FAE04EC0-301F-11D3-BF4B-00C04F79EFBC}") = "ExampleAPI", "ExampleAPI.csproj", "{1E6ABF5A-D4A4-4816-8189-41B39A798577}"
EndProject
Global
	GlobalSection(SolutionConfigurationPlatforms) = preSolution
		Debug|Any CPU = Debug|Any CPU
		Release|Any CPU = Release|Any CPU
	EndGlobalSection
	GlobalSection(ProjectConfigurationPlatforms) = postSolution
		{1E6ABF5A-D4A4-4816-8189-41B39A798577}.Debug|Any CPU.ActiveCfg = Debug|Any CPU
		{1E6ABF5A-D4A4-4816-8189-41B39A798577}.Debug|Any CPU.Build.0 = Debug|Any CPU
		{1E6ABF5A-D4A4-4816-8189-41B39A798577}.Release|Any CPU.ActiveCfg = Release|Any CPU
		{1E6ABF5A-D4A4-4816-8189-41B39A798577}.Release|Any CPU.Build.0 = Release|Any CPU
	EndGlobalSection
	GlobalSection(SolutionProperties) = preSolution
		HideSolutionNode = FALSE
	EndGlobalSection
	GlobalSection(ExtensibilityGlobals) = postSolution
		SolutionGuid = {997A94E2-3902-49C3-96BE-07F6415FBAAE}
	EndGlobalSection
EndGlobal
